
Microsoft Visual Studio Solution File, Format Version 12.00
# Visual Studio Version 17
VisualStudioVersion = 17.3.32901.215
MinimumVisualStudioVersion = 10.0.40219.1
Project("{FAE04EC0-301F-11D3-BF4B-00C04F79EFBC}") = "WinFormsApp1", "WinFormsApp1\WinFormsApp1.csproj", "{A0BDEE74-F6D2-4B99-966B-A11360A9DDAC}"
EndProject
Global
	GlobalSection(SolutionConfigurationPlatforms) = preSolution
		Debug|Any CPU = Debug|Any CPU
		Release|Any CPU = Release|Any CPU
	EndGlobalSection
	GlobalSection(ProjectConfigurationPlatforms) = postSolution
		{A0BDEE74-F6D2-4B99-966B-A11360A9DDAC}.Debug|Any CPU.ActiveCfg = Debug|Any CPU
		{A0BDEE74-F6D2-4B99-966B-A11360A9DDAC}.Debug|Any CPU.Build.0 = Debug|Any CPU
		{A0BDEE74-F6D2-4B99-966B-A11360A9DDAC}.Release|Any CPU.ActiveCfg = Release|Any CPU
		{A0BDEE74-F6D2-4B99-966B-A11360A9DDAC}.Release|Any CPU.Build.0 = Release|Any CPU
	EndGlobalSection
	GlobalSection(SolutionProperties) = preSolution
		HideSolutionNode = FALSE
	EndGlobalSection
	GlobalSection(ExtensibilityGlobals) = postSolution
		SolutionGuid = {067EE195-83FC-4F0A-9FAD-4D04E137FAAB}
	EndGlobalSection
EndGlobal
